// !$*UTF8*$!
{
	archiveVersion = 1;
	classes = {
	};
	objectVersion = 50;
	objects = {

/* Begin PBXBuildFile section */
		6A5C2FEF21F1BE2F0056D969 /* AppDelegate.m in Sources */ = {isa = PBXBuildFile; fileRef = 6A5C2FEE21F1BE2F0056D969 /* AppDelegate.m */; };
		6A5C2FF221F1BE2F0056D969 /* ViewController.m in Sources */ = {isa = PBXBuildFile; fileRef = 6A5C2FF121F1BE2F0056D969 /* ViewController.m */; };
		6A5C2FF521F1BE2F0056D969 /* Main.storyboard in Resources */ = {isa = PBXBuildFile; fileRef = 6A5C2FF321F1BE2F0056D969 /* Main.storyboard */; };
		6A5C2FF721F1BE380056D969 /* Assets.xcassets in Resources */ = {isa = PBXBuildFile; fileRef = 6A5C2FF621F1BE380056D969 /* Assets.xcassets */; };
		6A5C2FFA21F1BE380056D969 /* LaunchScreen.storyboard in Resources */ = {isa = PBXBuildFile; fileRef = 6A5C2FF821F1BE380056D969 /* LaunchScreen.storyboard */; };
		6A5C2FFD21F1BE380056D969 /* main.m in Sources */ = {isa = PBXBuildFile; fileRef = 6A5C2FFC21F1BE380056D969 /* main.m */; };
		6A5C300521F1C0E10056D969 /* Person.m in Sources */ = {isa = PBXBuildFile; fileRef = 6A5C300421F1C0E10056D969 /* Person.m */; };
		6A5C300821F1C68B0056D969 /* Student.m in Sources */ = {isa = PBXBuildFile; fileRef = 6A5C300721F1C68B0056D969 /* Student.m */; };
		6A5C300E21F1CAA40056D969 /* Person+FirstName.m in Sources */ = {isa = PBXBuildFile; fileRef = 6A5C300D21F1CAA40056D969 /* Person+FirstName.m */; };
		6A5C301121F1D1C30056D969 /* NSObject+TLog.m in Sources */ = {isa = PBXBuildFile; fileRef = 6A5C301021F1D1C30056D969 /* NSObject+TLog.m */; };
		6A5C301421F1D8770056D969 /* NSObject+Model.m in Sources */ = {isa = PBXBuildFile; fileRef = 6A5C301321F1D8770056D969 /* NSObject+Model.m */; };
		6A5C301721F1E1A30056D969 /* RuntimeDeepLearn.m in Sources */ = {isa = PBXBuildFile; fileRef = 6A5C301621F1E1A30056D969 /* RuntimeDeepLearn.m */; };
		6A663A6A21F85DC50084A8AD /* UIViewController+Logging.m in Sources */ = {isa = PBXBuildFile; fileRef = 6A663A6921F85DC50084A8AD /* UIViewController+Logging.m */; };
		6A663A6D21F862610084A8AD /* UIControl+Limit.m in Sources */ = {isa = PBXBuildFile; fileRef = 6A663A6C21F862610084A8AD /* UIControl+Limit.m */; };
		6A663A7021F86DE50084A8AD /* NSArray+SafeBeyondOut.m in Sources */ = {isa = PBXBuildFile; fileRef = 6A663A6F21F86DE50084A8AD /* NSArray+SafeBeyondOut.m */; };
		6A83D53521FAF88E005FAF3A /* NSObject+Block_KVO.m in Sources */ = {isa = PBXBuildFile; fileRef = 6A83D53421FAF88E005FAF3A /* NSObject+Block_KVO.m */; };
		6AB6562321F9AD26009A8A2C /* NSMutableArray+SafeBeyondOut.m in Sources */ = {isa = PBXBuildFile; fileRef = 6AB6562221F9AD26009A8A2C /* NSMutableArray+SafeBeyondOut.m */; };
/* End PBXBuildFile section */

/* Begin PBXFileReference section */
		6A5C2FEA21F1BE2F0056D969 /* RuntimeLearn.app */ = {isa = PBXFileReference; explicitFileType = wrapper.application; includeInIndex = 0; path = RuntimeLearn.app; sourceTree = BUILT_PRODUCTS_DIR; };
		6A5C2FED21F1BE2F0056D969 /* AppDelegate.h */ = {isa = PBXFileReference; lastKnownFileType = sourcecode.c.h; path = AppDelegate.h; sourceTree = "<group>"; };
		6A5C2FEE21F1BE2F0056D969 /* AppDelegate.m */ = {isa = PBXFileReference; lastKnownFileType = sourcecode.c.objc; path = AppDelegate.m; sourceTree = "<group>"; };
		6A5C2FF021F1BE2F0056D969 /* ViewController.h */ = {isa = PBXFileReference; lastKnownFileType = sourcecode.c.h; path = ViewController.h; sourceTree = "<group>"; };
		6A5C2FF121F1BE2F0056D969 /* ViewController.m */ = {isa = PBXFileReference; lastKnownFileType = sourcecode.c.objc; path = ViewController.m; sourceTree = "<group>"; };
		6A5C2FF421F1BE2F0056D969 /* Base */ = {isa = PBXFileReference; lastKnownFileType = file.storyboard; name = Base; path = Base.lproj/Main.storyboard; sourceTree = "<group>"; };
		6A5C2FF621F1BE380056D969 /* Assets.xcassets */ = {isa = PBXFileReference; lastKnownFileType = folder.assetcatalog; path = Assets.xcassets; sourceTree = "<group>"; };
		6A5C2FF921F1BE380056D969 /* Base */ = {isa = PBXFileReference; lastKnownFileType = file.storyboard; name = Base; path = Base.lproj/LaunchScreen.storyboard; sourceTree = "<group>"; };
		6A5C2FFB21F1BE380056D969 /* Info.plist */ = {isa = PBXFileReference; lastKnownFileType = text.plist.xml; path = Info.plist; sourceTree = "<group>"; };
		6A5C2FFC21F1BE380056D969 /* main.m */ = {isa = PBXFileReference; lastKnownFileType = sourcecode.c.objc; path = main.m; sourceTree = "<group>"; };
		6A5C300321F1C0E10056D969 /* Person.h */ = {isa = PBXFileReference; lastKnownFileType = sourcecode.c.h; path = Person.h; sourceTree = "<group>"; };
		6A5C300421F1C0E10056D969 /* Person.m */ = {isa = PBXFileReference; lastKnownFileType = sourcecode.c.objc; path = Person.m; sourceTree = "<group>"; };
		6A5C300621F1C68B0056D969 /* Student.h */ = {isa = PBXFileReference; lastKnownFileType = sourcecode.c.h; path = Student.h; sourceTree = "<group>"; };
		6A5C300721F1C68B0056D969 /* Student.m */ = {isa = PBXFileReference; lastKnownFileType = sourcecode.c.objc; path = Student.m; sourceTree = "<group>"; };
		6A5C300C21F1CAA40056D969 /* Person+FirstName.h */ = {isa = PBXFileReference; lastKnownFileType = sourcecode.c.h; path = "Person+FirstName.h"; sourceTree = "<group>"; };
		6A5C300D21F1CAA40056D969 /* Person+FirstName.m */ = {isa = PBXFileReference; lastKnownFileType = sourcecode.c.objc; path = "Person+FirstName.m"; sourceTree = "<group>"; };
		6A5C300F21F1D1C30056D969 /* NSObject+TLog.h */ = {isa = PBXFileReference; lastKnownFileType = sourcecode.c.h; path = "NSObject+TLog.h"; sourceTree = "<group>"; };
		6A5C301021F1D1C30056D969 /* NSObject+TLog.m */ = {isa = PBXFileReference; lastKnownFileType = sourcecode.c.objc; path = "NSObject+TLog.m"; sourceTree = "<group>"; };
		6A5C301221F1D8770056D969 /* NSObject+Model.h */ = {isa = PBXFileReference; lastKnownFileType = sourcecode.c.h; path = "NSObject+Model.h"; sourceTree = "<group>"; };
		6A5C301321F1D8770056D969 /* NSObject+Model.m */ = {isa = PBXFileReference; lastKnownFileType = sourcecode.c.objc; path = "NSObject+Model.m"; sourceTree = "<group>"; };
		6A5C301521F1E1A30056D969 /* RuntimeDeepLearn.h */ = {isa = PBXFileReference; lastKnownFileType = sourcecode.c.h; path = RuntimeDeepLearn.h; sourceTree = "<group>"; };
		6A5C301621F1E1A30056D969 /* RuntimeDeepLearn.m */ = {isa = PBXFileReference; lastKnownFileType = sourcecode.c.objc; path = RuntimeDeepLearn.m; sourceTree = "<group>"; };
		6A663A6821F85DC50084A8AD /* UIViewController+Logging.h */ = {isa = PBXFileReference; lastKnownFileType = sourcecode.c.h; path = "UIViewController+Logging.h"; sourceTree = "<group>"; };
		6A663A6921F85DC50084A8AD /* UIViewController+Logging.m */ = {isa = PBXFileReference; lastKnownFileType = sourcecode.c.objc; path = "UIViewController+Logging.m"; sourceTree = "<group>"; };
		6A663A6B21F862610084A8AD /* UIControl+Limit.h */ = {isa = PBXFileReference; lastKnownFileType = sourcecode.c.h; path = "UIControl+Limit.h"; sourceTree = "<group>"; };
		6A663A6C21F862610084A8AD /* UIControl+Limit.m */ = {isa = PBXFileReference; lastKnownFileType = sourcecode.c.objc; path = "UIControl+Limit.m"; sourceTree = "<group>"; };
		6A663A6E21F86DE50084A8AD /* NSArray+SafeBeyondOut.h */ = {isa = PBXFileReference; lastKnownFileType = sourcecode.c.h; path = "NSArray+SafeBeyondOut.h"; sourceTree = "<group>"; };
		6A663A6F21F86DE50084A8AD /* NSArray+SafeBeyondOut.m */ = {isa = PBXFileReference; lastKnownFileType = sourcecode.c.objc; path = "NSArray+SafeBeyondOut.m"; sourceTree = "<group>"; };
		6A83D53321FAF88E005FAF3A /* NSObject+Block_KVO.h */ = {isa = PBXFileReference; lastKnownFileType = sourcecode.c.h; path = "NSObject+Block_KVO.h"; sourceTree = "<group>"; };
		6A83D53421FAF88E005FAF3A /* NSObject+Block_KVO.m */ = {isa = PBXFileReference; lastKnownFileType = sourcecode.c.objc; path = "NSObject+Block_KVO.m"; sourceTree = "<group>"; };
		6AB6562121F9AD26009A8A2C /* NSMutableArray+SafeBeyondOut.h */ = {isa = PBXFileReference; lastKnownFileType = sourcecode.c.h; path = "NSMutableArray+SafeBeyondOut.h"; sourceTree = "<group>"; };
		6AB6562221F9AD26009A8A2C /* NSMutableArray+SafeBeyondOut.m */ = {isa = PBXFileReference; lastKnownFileType = sourcecode.c.objc; path = "NSMutableArray+SafeBeyondOut.m"; sourceTree = "<group>"; };
/* End PBXFileReference section */

/* Begin PBXFrameworksBuildPhase section */
		6A5C2FE721F1BE2F0056D969 /* Frameworks */ = {
			isa = PBXFrameworksBuildPhase;
			buildActionMask = 2147483647;
			files = (
			);
			runOnlyForDeploymentPostprocessing = 0;
		};
/* End PBXFrameworksBuildPhase section */

/* Begin PBXGroup section */
		6A5C2FE121F1BE2F0056D969 = {
			isa = PBXGroup;
			children = (
				6A5C2FEC21F1BE2F0056D969 /* RuntimeLearn */,
				6A5C2FEB21F1BE2F0056D969 /* Products */,
			);
			sourceTree = "<group>";
		};
		6A5C2FEB21F1BE2F0056D969 /* Products */ = {
			isa = PBXGroup;
			children = (
				6A5C2FEA21F1BE2F0056D969 /* RuntimeLearn.app */,
			);
			name = Products;
			sourceTree = "<group>";
		};
		6A5C2FEC21F1BE2F0056D969 /* RuntimeLearn */ = {
			isa = PBXGroup;
			children = (
				6A5C2FED21F1BE2F0056D969 /* AppDelegate.h */,
				6A5C2FEE21F1BE2F0056D969 /* AppDelegate.m */,
				6A5C2FF021F1BE2F0056D969 /* ViewController.h */,
				6A5C2FF121F1BE2F0056D969 /* ViewController.m */,
				6A5C300321F1C0E10056D969 /* Person.h */,
				6A5C300421F1C0E10056D969 /* Person.m */,
				6A5C300C21F1CAA40056D969 /* Person+FirstName.h */,
				6A5C300D21F1CAA40056D969 /* Person+FirstName.m */,
				6A5C300621F1C68B0056D969 /* Student.h */,
				6A5C300721F1C68B0056D969 /* Student.m */,
				6A5C300F21F1D1C30056D969 /* NSObject+TLog.h */,
				6A5C301021F1D1C30056D969 /* NSObject+TLog.m */,
				6A5C301221F1D8770056D969 /* NSObject+Model.h */,
				6A5C301321F1D8770056D969 /* NSObject+Model.m */,
				6A5C301521F1E1A30056D969 /* RuntimeDeepLearn.h */,
				6A5C301621F1E1A30056D969 /* RuntimeDeepLearn.m */,
				6A663A6821F85DC50084A8AD /* UIViewController+Logging.h */,
				6A663A6921F85DC50084A8AD /* UIViewController+Logging.m */,
				6A663A6B21F862610084A8AD /* UIControl+Limit.h */,
				6A663A6C21F862610084A8AD /* UIControl+Limit.m */,
				6A663A6E21F86DE50084A8AD /* NSArray+SafeBeyondOut.h */,
				6A663A6F21F86DE50084A8AD /* NSArray+SafeBeyondOut.m */,
				6AB6562121F9AD26009A8A2C /* NSMutableArray+SafeBeyondOut.h */,
				6AB6562221F9AD26009A8A2C /* NSMutableArray+SafeBeyondOut.m */,
				6A83D53321FAF88E005FAF3A /* NSObject+Block_KVO.h */,
				6A83D53421FAF88E005FAF3A /* NSObject+Block_KVO.m */,
				6A5C2FF321F1BE2F0056D969 /* Main.storyboard */,
				6A5C2FF621F1BE380056D969 /* Assets.xcassets */,
				6A5C2FF821F1BE380056D969 /* LaunchScreen.storyboard */,
				6A5C2FFB21F1BE380056D969 /* Info.plist */,
				6A5C2FFC21F1BE380056D969 /* main.m */,
			);
			path = RuntimeLearn;
			sourceTree = "<group>";
		};
/* End PBXGroup section */

/* Begin PBXNativeTarget section */
		6A5C2FE921F1BE2F0056D969 /* RuntimeLearn */ = {
			isa = PBXNativeTarget;
			buildConfigurationList = 6A5C300021F1BE380056D969 /* Build configuration list for PBXNativeTarget "RuntimeLearn" */;
			buildPhases = (
				6A5C2FE621F1BE2F0056D969 /* Sources */,
				6A5C2FE721F1BE2F0056D969 /* Frameworks */,
				6A5C2FE821F1BE2F0056D969 /* Resources */,
			);
			buildRules = (
			);
			dependencies = (
			);
			name = RuntimeLearn;
			productName = RuntimeLearn;
			productReference = 6A5C2FEA21F1BE2F0056D969 /* RuntimeLearn.app */;
			productType = "com.apple.product-type.application";
		};
/* End PBXNativeTarget section */

/* Begin PBXProject section */
		6A5C2FE221F1BE2F0056D969 /* Project object */ = {
			isa = PBXProject;
			attributes = {
				LastUpgradeCheck = 1010;
				ORGANIZATIONNAME = Berui;
				TargetAttributes = {
					6A5C2FE921F1BE2F0056D969 = {
						CreatedOnToolsVersion = 10.1;
					};
				};
			};
			buildConfigurationList = 6A5C2FE521F1BE2F0056D969 /* Build configuration list for PBXProject "RuntimeLearn" */;
			compatibilityVersion = "Xcode 9.3";
			developmentRegion = en;
			hasScannedForEncodings = 0;
			knownRegions = (
				en,
				Base,
			);
			mainGroup = 6A5C2FE121F1BE2F0056D969;
			productRefGroup = 6A5C2FEB21F1BE2F0056D969 /* Products */;
			projectDirPath = "";
			projectRoot = "";
			targets = (
				6A5C2FE921F1BE2F0056D969 /* RuntimeLearn */,
			);
		};
/* End PBXProject section */

/* Begin PBXResourcesBuildPhase section */
		6A5C2FE821F1BE2F0056D969 /* Resources */ = {
			isa = PBXResourcesBuildPhase;
			buildActionMask = 2147483647;
			files = (
				6A5C2FFA21F1BE380056D969 /* LaunchScreen.storyboard in Resources */,
				6A5C2FF721F1BE380056D969 /* Assets.xcassets in Resources */,
				6A5C2FF521F1BE2F0056D969 /* Main.storyboard in Resources */,
			);
			runOnlyForDeploymentPostprocessing = 0;
		};
/* End PBXResourcesBuildPhase section */

/* Begin PBXSourcesBuildPhase section */
		6A5C2FE621F1BE2F0056D969 /* Sources */ = {
			isa = PBXSourcesBuildPhase;
			buildActionMask = 2147483647;
			files = (
				6A5C300E21F1CAA40056D969 /* Person+FirstName.m in Sources */,
				6A5C2FF221F1BE2F0056D969 /* ViewController.m in Sources */,
				6A5C2FFD21F1BE380056D969 /* main.m in Sources */,
				6A5C300821F1C68B0056D969 /* Student.m in Sources */,
				6A5C301721F1E1A30056D969 /* RuntimeDeepLearn.m in Sources */,
				6A663A7021F86DE50084A8AD /* NSArray+SafeBeyondOut.m in Sources */,
				6A5C300521F1C0E10056D969 /* Person.m in Sources */,
				6A663A6A21F85DC50084A8AD /* UIViewController+Logging.m in Sources */,
				6A83D53521FAF88E005FAF3A /* NSObject+Block_KVO.m in Sources */,
				6AB6562321F9AD26009A8A2C /* NSMutableArray+SafeBeyondOut.m in Sources */,
				6A5C2FEF21F1BE2F0056D969 /* AppDelegate.m in Sources */,
				6A663A6D21F862610084A8AD /* UIControl+Limit.m in Sources */,
				6A5C301121F1D1C30056D969 /* NSObject+TLog.m in Sources */,
				6A5C301421F1D8770056D969 /* NSObject+Model.m in Sources */,
			);
			runOnlyForDeploymentPostprocessing = 0;
		};
/* End PBXSourcesBuildPhase section */

/* Begin PBXVariantGroup section */
		6A5C2FF321F1BE2F0056D969 /* Main.storyboard */ = {
			isa = PBXVariantGroup;
			children = (
				6A5C2FF421F1BE2F0056D969 /* Base */,
			);
			name = Main.storyboard;
			sourceTree = "<group>";
		};
		6A5C2FF821F1BE380056D969 /* LaunchScreen.storyboard */ = {
			isa = PBXVariantGroup;
			children = (
				6A5C2FF921F1BE380056D969 /* Base */,
			);
			name = LaunchScreen.storyboard;
			sourceTree = "<group>";
		};
/* End PBXVariantGroup section */

/* Begin XCBuildConfiguration section */
		6A5C2FFE21F1BE380056D969 /* Debug */ = {
			isa = XCBuildConfiguration;
			buildSettings = {
				ALWAYS_SEARCH_USER_PATHS = NO;
				CLANG_ANALYZER_NONNULL = YES;
				CLANG_ANALYZER_NUMBER_OBJECT_CONVERSION = YES_AGGRESSIVE;
				CLANG_CXX_LANGUAGE_STANDARD = "gnu++14";
				CLANG_CXX_LIBRARY = "libc++";
				CLANG_ENABLE_MODULES = YES;
				CLANG_ENABLE_OBJC_ARC = YES;
				CLANG_ENABLE_OBJC_WEAK = YES;
				CLANG_WARN_BLOCK_CAPTURE_AUTORELEASING = YES;
				CLANG_WARN_BOOL_CONVERSION = YES;
				CLANG_WARN_COMMA = YES;
				CLANG_WARN_CONSTANT_CONVERSION = YES;
				CLANG_WARN_DEPRECATED_OBJC_IMPLEMENTATIONS = YES;
				CLANG_WARN_DIRECT_OBJC_ISA_USAGE = YES_ERROR;
				CLANG_WARN_DOCUMENTATION_COMMENTS = YES;
				CLANG_WARN_EMPTY_BODY = YES;
				CLANG_WARN_ENUM_CONVERSION = YES;
				CLANG_WARN_INFINITE_RECURSION = YES;
				CLANG_WARN_INT_CONVERSION = YES;
				CLANG_WARN_NON_LITERAL_NULL_CONVERSION = YES;
				CLANG_WARN_OBJC_IMPLICIT_RETAIN_SELF = YES;
				CLANG_WARN_OBJC_LITERAL_CONVERSION = YES;
				CLANG_WARN_OBJC_ROOT_CLASS = YES_ERROR;
				CLANG_WARN_RANGE_LOOP_ANALYSIS = YES;
				CLANG_WARN_STRICT_PROTOTYPES = YES;
				CLANG_WARN_SUSPICIOUS_MOVE = YES;
				CLANG_WARN_UNGUARDED_AVAILABILITY = YES_AGGRESSIVE;
				CLANG_WARN_UNREACHABLE_CODE = YES;
				CLANG_WARN__DUPLICATE_METHOD_MATCH = YES;
				CODE_SIGN_IDENTITY = "iPhone Developer";
				COPY_PHASE_STRIP = NO;
				DEBUG_INFORMATION_FORMAT = dwarf;
				ENABLE_STRICT_OBJC_MSGSEND = YES;
				ENABLE_TESTABILITY = YES;
				GCC_C_LANGUAGE_STANDARD = gnu11;
				GCC_DYNAMIC_NO_PIC = NO;
				GCC_NO_COMMON_BLOCKS = YES;
				GCC_OPTIMIZATION_LEVEL = 0;
				GCC_PREPROCESSOR_DEFINITIONS = (
					"DEBUG=1",
					"$(inherited)",
				);
				GCC_WARN_64_TO_32_BIT_CONVERSION = YES;
				GCC_WARN_ABOUT_RETURN_TYPE = YES_ERROR;
				GCC_WARN_UNDECLARED_SELECTOR = YES;
				GCC_WARN_UNINITIALIZED_AUTOS = YES_AGGRESSIVE;
				GCC_WARN_UNUSED_FUNCTION = YES;
				GCC_WARN_UNUSED_VARIABLE = YES;
				IPHONEOS_DEPLOYMENT_TARGET = 12.1;
				MTL_ENABLE_DEBUG_INFO = INCLUDE_SOURCE;
				MTL_FAST_MATH = YES;
				ONLY_ACTIVE_ARCH = YES;
				SDKROOT = iphoneos;
			};
			name = Debug;
		};
		6A5C2FFF21F1BE380056D969 /* Release */ = {
			isa = XCBuildConfiguration;
			buildSettings = {
				ALWAYS_SEARCH_USER_PATHS = NO;
				CLANG_ANALYZER_NONNULL = YES;
				CLANG_ANALYZER_NUMBER_OBJECT_CONVERSION = YES_AGGRESSIVE;
				CLANG_CXX_LANGUAGE_STANDARD = "gnu++14";
				CLANG_CXX_LIBRARY = "libc++";
				CLANG_ENABLE_MODULES = YES;
				CLANG_ENABLE_OBJC_ARC = YES;
				CLANG_ENABLE_OBJC_WEAK = YES;
				CLANG_WARN_BLOCK_CAPTURE_AUTORELEASING = YES;
				CLANG_WARN_BOOL_CONVERSION = YES;
				CLANG_WARN_COMMA = YES;
				CLANG_WARN_CONSTANT_CONVERSION = YES;
				CLANG_WARN_DEPRECATED_OBJC_IMPLEMENTATIONS = YES;
				CLANG_WARN_DIRECT_OBJC_ISA_USAGE = YES_ERROR;
				CLANG_WARN_DOCUMENTATION_COMMENTS = YES;
				CLANG_WARN_EMPTY_BODY = YES;
				CLANG_WARN_ENUM_CONVERSION = YES;
				CLANG_WARN_INFINITE_RECURSION = YES;
				CLANG_WARN_INT_CONVERSION = YES;
				CLANG_WARN_NON_LITERAL_NULL_CONVERSION = YES;
				CLANG_WARN_OBJC_IMPLICIT_RETAIN_SELF = YES;
				CLANG_WARN_OBJC_LITERAL_CONVERSION = YES;
				CLANG_WARN_OBJC_ROOT_CLASS = YES_ERROR;
				CLANG_WARN_RANGE_LOOP_ANALYSIS = YES;
				CLANG_WARN_STRICT_PROTOTYPES = YES;
				CLANG_WARN_SUSPICIOUS_MOVE = YES;
				CLANG_WARN_UNGUARDED_AVAILABILITY = YES_AGGRESSIVE;
				CLANG_WARN_UNREACHABLE_CODE = YES;
				CLANG_WARN__DUPLICATE_METHOD_MATCH = YES;
				CODE_SIGN_IDENTITY = "iPhone Developer";
				COPY_PHASE_STRIP = NO;
				DEBUG_INFORMATION_FORMAT = "dwarf-with-dsym";
				ENABLE_NS_ASSERTIONS = NO;
				ENABLE_STRICT_OBJC_MSGSEND = YES;
				GCC_C_LANGUAGE_STANDARD = gnu11;
				GCC_NO_COMMON_BLOCKS = YES;
				GCC_WARN_64_TO_32_BIT_CONVERSION = YES;
				GCC_WARN_ABOUT_RETURN_TYPE = YES_ERROR;
				GCC_WARN_UNDECLARED_SELECTOR = YES;
				GCC_WARN_UNINITIALIZED_AUTOS = YES_AGGRESSIVE;
				GCC_WARN_UNUSED_FUNCTION = YES;
				GCC_WARN_UNUSED_VARIABLE = YES;
				IPHONEOS_DEPLOYMENT_TARGET = 12.1;
				MTL_ENABLE_DEBUG_INFO = NO;
				MTL_FAST_MATH = YES;
				SDKROOT = iphoneos;
				VALIDATE_PRODUCT = YES;
			};
			name = Release;
		};
		6A5C300121F1BE380056D969 /* Debug */ = {
			isa = XCBuildConfiguration;
			buildSettings = {
				ASSETCATALOG_COMPILER_APPICON_NAME = AppIcon;
				CODE_SIGN_STYLE = Automatic;
				DEVELOPMENT_TEAM = DL57KANWV2;
				INFOPLIST_FILE = RuntimeLearn/Info.plist;
				IPHONEOS_DEPLOYMENT_TARGET = 9.0;
				LD_RUNPATH_SEARCH_PATHS = (
					"$(inherited)",
					"@executable_path/Frameworks",
				);
				PRODUCT_BUNDLE_IDENTIFIER = com.berui.RuntimeLearn;
				PRODUCT_NAME = "$(TARGET_NAME)";
				TARGETED_DEVICE_FAMILY = "1,2";
			};
			name = Debug;
		};
		6A5C300221F1BE380056D969 /* Release */ = {
			isa = XCBuildConfiguration;
			buildSettings = {
				ASSETCATALOG_COMPILER_APPICON_NAME = AppIcon;
				CODE_SIGN_STYLE = Automatic;
				DEVELOPMENT_TEAM = DL57KANWV2;
				INFOPLIST_FILE = RuntimeLearn/Info.plist;
				IPHONEOS_DEPLOYMENT_TARGET = 9.0;
				LD_RUNPATH_SEARCH_PATHS = (
					"$(inherited)",
					"@executable_path/Frameworks",
				);
				PRODUCT_BUNDLE_IDENTIFIER = com.berui.RuntimeLearn;
				PRODUCT_NAME = "$(TARGET_NAME)";
				TARGETED_DEVICE_FAMILY = "1,2";
			};
			name = Release;
		};
/* End XCBuildConfiguration section */

/* Begin XCConfigurationList section */
		6A5C2FE521F1BE2F0056D969 /* Build configuration list for PBXProject "RuntimeLearn" */ = {
			isa = XCConfigurationList;
			buildConfigurations = (
				6A5C2FFE21F1BE380056D969 /* Debug */,
				6A5C2FFF21F1BE380056D969 /* Release */,
			);
			defaultConfigurationIsVisible = 0;
			defaultConfigurationName = Release;
		};
		6A5C300021F1BE380056D969 /* Build configuration list for PBXNativeTarget "RuntimeLearn" */ = {
			isa = XCConfigurationList;
			buildConfigurations = (
				6A5C300121F1BE380056D969 /* Debug */,
				6A5C300221F1BE380056D969 /* Release */,
			);
			defaultConfigurationIsVisible = 0;
			defaultConfigurationName = Release;
		};
/* End XCConfigurationList section */
	};
	rootObject = 6A5C2FE221F1BE2F0056D969 /* Project object */;
}
